// !$*UTF8*$!
{
	archiveVersion = 1;
	classes = {
	};
	objectVersion = 50;
	objects = {

/* Begin PBXBuildFile section */
		355BF66725555FDB00996A86 /* AppDelegate.swift in Sources */ = {isa = PBXBuildFile; fileRef = 355BF66625555FDB00996A86 /* AppDelegate.swift */; };
		355BF66925555FDB00996A86 /* SceneDelegate.swift in Sources */ = {isa = PBXBuildFile; fileRef = 355BF66825555FDB00996A86 /* SceneDelegate.swift */; };
		355BF66B25555FDB00996A86 /* ViewController.swift in Sources */ = {isa = PBXBuildFile; fileRef = 355BF66A25555FDB00996A86 /* ViewController.swift */; };
		355BF66E25555FDB00996A86 /* Main.storyboard in Resources */ = {isa = PBXBuildFile; fileRef = 355BF66C25555FDB00996A86 /* Main.storyboard */; };
		355BF67325555FDE00996A86 /* LaunchScreen.storyboard in Resources */ = {isa = PBXBuildFile; fileRef = 355BF67125555FDE00996A86 /* LaunchScreen.storyboard */; };
		355BF67C2567D19D00996A86 /* sjis_sp_setofont.ttf in Resources */ = {isa = PBXBuildFile; fileRef = 355BF67B2567D11600996A86 /* sjis_sp_setofont.ttf */; };
		355BF67E257A3B5E00996A86 /* Assets.xcassets in Resources */ = {isa = PBXBuildFile; fileRef = 355BF67D257A3B5E00996A86 /* Assets.xcassets */; };
/* End PBXBuildFile section */

/* Begin PBXFileReference section */
		355BF66325555FDB00996A86 /* houchi.app */ = {isa = PBXFileReference; explicitFileType = wrapper.application; includeInIndex = 0; path = houchi.app; sourceTree = BUILT_PRODUCTS_DIR; };
		355BF66625555FDB00996A86 /* AppDelegate.swift */ = {isa = PBXFileReference; lastKnownFileType = sourcecode.swift; path = AppDelegate.swift; sourceTree = "<group>"; };
		355BF66825555FDB00996A86 /* SceneDelegate.swift */ = {isa = PBXFileReference; lastKnownFileType = sourcecode.swift; path = SceneDelegate.swift; sourceTree = "<group>"; };
		355BF66A25555FDB00996A86 /* ViewController.swift */ = {isa = PBXFileReference; lastKnownFileType = sourcecode.swift; path = ViewController.swift; sourceTree = "<group>"; };
		355BF66D25555FDB00996A86 /* Base */ = {isa = PBXFileReference; lastKnownFileType = file.storyboard; name = Base; path = Base.lproj/Main.storyboard; sourceTree = "<group>"; };
		355BF67225555FDE00996A86 /* Base */ = {isa = PBXFileReference; lastKnownFileType = file.storyboard; name = Base; path = Base.lproj/LaunchScreen.storyboard; sourceTree = "<group>"; };
		355BF67425555FDE00996A86 /* Info.plist */ = {isa = PBXFileReference; lastKnownFileType = text.plist.xml; path = Info.plist; sourceTree = "<group>"; };
		355BF67B2567D11600996A86 /* sjis_sp_setofont.ttf */ = {isa = PBXFileReference; lastKnownFileType = file; path = sjis_sp_setofont.ttf; sourceTree = "<group>"; };
		355BF67D257A3B5E00996A86 /* Assets.xcassets */ = {isa = PBXFileReference; lastKnownFileType = folder.assetcatalog; path = Assets.xcassets; sourceTree = "<group>"; };
/* End PBXFileReference section */

/* Begin PBXFrameworksBuildPhase section */
		355BF66025555FDB00996A86 /* Frameworks */ = {
			isa = PBXFrameworksBuildPhase;
			buildActionMask = 2147483647;
			files = (
			);
			runOnlyForDeploymentPostprocessing = 0;
		};
/* End PBXFrameworksBuildPhase section */

/* Begin PBXGroup section */
		355BF65A25555FDB00996A86 = {
			isa = PBXGroup;
			children = (
				355BF66525555FDB00996A86 /* houchi */,
				355BF66425555FDB00996A86 /* Products */,
			);
			sourceTree = "<group>";
		};
		355BF66425555FDB00996A86 /* Products */ = {
			isa = PBXGroup;
			children = (
				355BF66325555FDB00996A86 /* houchi.app */,
			);
			name = Products;
			sourceTree = "<group>";
		};
		355BF66525555FDB00996A86 /* houchi */ = {
			isa = PBXGroup;
			children = (
				355BF67D257A3B5E00996A86 /* Assets.xcassets */,
				355BF67A2567CC6800996A86 /* font */,
				355BF66625555FDB00996A86 /* AppDelegate.swift */,
				355BF66825555FDB00996A86 /* SceneDelegate.swift */,
				355BF66A25555FDB00996A86 /* ViewController.swift */,
				355BF66C25555FDB00996A86 /* Main.storyboard */,
				355BF67125555FDE00996A86 /* LaunchScreen.storyboard */,
				355BF67425555FDE00996A86 /* Info.plist */,
			);
			path = houchi;
			sourceTree = "<group>";
		};
		355BF67A2567CC6800996A86 /* font */ = {
			isa = PBXGroup;
			children = (
				355BF67B2567D11600996A86 /* sjis_sp_setofont.ttf */,
			);
			path = font;
			sourceTree = "<group>";
		};
/* End PBXGroup section */

/* Begin PBXNativeTarget section */
		355BF66225555FDB00996A86 /* houchi */ = {
			isa = PBXNativeTarget;
			buildConfigurationList = 355BF67725555FDE00996A86 /* Build configuration list for PBXNativeTarget "houchi" */;
			buildPhases = (
				355BF65F25555FDB00996A86 /* Sources */,
				355BF66025555FDB00996A86 /* Frameworks */,
				355BF66125555FDB00996A86 /* Resources */,
			);
			buildRules = (
			);
			dependencies = (
			);
			name = houchi;
			productName = houchi;
			productReference = 355BF66325555FDB00996A86 /* houchi.app */;
			productType = "com.apple.product-type.application";
		};
/* End PBXNativeTarget section */

/* Begin PBXProject section */
		355BF65B25555FDB00996A86 /* Project object */ = {
			isa = PBXProject;
			attributes = {
				LastSwiftUpdateCheck = 1150;
				LastUpgradeCheck = 1150;
				ORGANIZATIONNAME = "橋目　那桜";
				TargetAttributes = {
					355BF66225555FDB00996A86 = {
						CreatedOnToolsVersion = 11.5;
					};
				};
			};
			buildConfigurationList = 355BF65E25555FDB00996A86 /* Build configuration list for PBXProject "houchi" */;
			compatibilityVersion = "Xcode 9.3";
			developmentRegion = en;
			hasScannedForEncodings = 0;
			knownRegions = (
				en,
				Base,
			);
			mainGroup = 355BF65A25555FDB00996A86;
			productRefGroup = 355BF66425555FDB00996A86 /* Products */;
			projectDirPath = "";
			projectRoot = "";
			targets = (
				355BF66225555FDB00996A86 /* houchi */,
			);
		};
/* End PBXProject section */

/* Begin PBXResourcesBuildPhase section */
		355BF66125555FDB00996A86 /* Resources */ = {
			isa = PBXResourcesBuildPhase;
			buildActionMask = 2147483647;
			files = (
				355BF67C2567D19D00996A86 /* sjis_sp_setofont.ttf in Resources */,
				355BF67325555FDE00996A86 /* LaunchScreen.storyboard in Resources */,
				355BF67E257A3B5E00996A86 /* Assets.xcassets in Resources */,
				355BF66E25555FDB00996A86 /* Main.storyboard in Resources */,
			);
			runOnlyForDeploymentPostprocessing = 0;
		};
/* End PBXResourcesBuildPhase section */

/* Begin PBXSourcesBuildPhase section */
		355BF65F25555FDB00996A86 /* Sources */ = {
			isa = PBXSourcesBuildPhase;
			buildActionMask = 2147483647;
			files = (
				355BF66B25555FDB00996A86 /* ViewController.swift in Sources */,
				355BF66725555FDB00996A86 /* AppDelegate.swift in Sources */,
				355BF66925555FDB00996A86 /* SceneDelegate.swift in Sources */,
			);
			runOnlyForDeploymentPostprocessing = 0;
		};
/* End PBXSourcesBuildPhase section */

/* Begin PBXVariantGroup section */
		355BF66C25555FDB00996A86 /* Main.storyboard */ = {
			isa = PBXVariantGroup;
			children = (
				355BF66D25555FDB00996A86 /* Base */,
			);
			name = Main.storyboard;
			sourceTree = "<group>";
		};
		355BF67125555FDE00996A86 /* LaunchScreen.storyboard */ = {
			isa = PBXVariantGroup;
			children = (
				355BF67225555FDE00996A86 /* Base */,
			);
			name = LaunchScreen.storyboard;
			sourceTree = "<group>";
		};
/* End PBXVariantGroup section */

/* Begin XCBuildConfiguration section */
		355BF67525555FDE00996A86 /* Debug */ = {
			isa = XCBuildConfiguration;
			buildSettings = {
				ALWAYS_SEARCH_USER_PATHS = NO;
				CLANG_ANALYZER_NONNULL = YES;
				CLANG_ANALYZER_NUMBER_OBJECT_CONVERSION = YES_AGGRESSIVE;
				CLANG_CXX_LANGUAGE_STANDARD = "gnu++14";
				CLANG_CXX_LIBRARY = "libc++";
				CLANG_ENABLE_MODULES = YES;
				CLANG_ENABLE_OBJC_ARC = YES;
				CLANG_ENABLE_OBJC_WEAK = YES;
				CLANG_WARN_BLOCK_CAPTURE_AUTORELEASING = YES;
				CLANG_WARN_BOOL_CONVERSION = YES;
				CLANG_WARN_COMMA = YES;
				CLANG_WARN_CONSTANT_CONVERSION = YES;
				CLANG_WARN_DEPRECATED_OBJC_IMPLEMENTATIONS = YES;
				CLANG_WARN_DIRECT_OBJC_ISA_USAGE = YES_ERROR;
				CLANG_WARN_DOCUMENTATION_COMMENTS = YES;
				CLANG_WARN_EMPTY_BODY = YES;
				CLANG_WARN_ENUM_CONVERSION = YES;
				CLANG_WARN_INFINITE_RECURSION = YES;
				CLANG_WARN_INT_CONVERSION = YES;
				CLANG_WARN_NON_LITERAL_NULL_CONVERSION = YES;
				CLANG_WARN_OBJC_IMPLICIT_RETAIN_SELF = YES;
				CLANG_WARN_OBJC_LITERAL_CONVERSION = YES;
				CLANG_WARN_OBJC_ROOT_CLASS = YES_ERROR;
				CLANG_WARN_RANGE_LOOP_ANALYSIS = YES;
				CLANG_WARN_STRICT_PROTOTYPES = YES;
				CLANG_WARN_SUSPICIOUS_MOVE = YES;
				CLANG_WARN_UNGUARDED_AVAILABILITY = YES_AGGRESSIVE;
				CLANG_WARN_UNREACHABLE_CODE = YES;
				CLANG_WARN__DUPLICATE_METHOD_MATCH = YES;
				COPY_PHASE_STRIP = NO;
				DEBUG_INFORMATION_FORMAT = dwarf;
				ENABLE_STRICT_OBJC_MSGSEND = YES;
				ENABLE_TESTABILITY = YES;
				GCC_C_LANGUAGE_STANDARD = gnu11;
				GCC_DYNAMIC_NO_PIC = NO;
				GCC_NO_COMMON_BLOCKS = YES;
				GCC_OPTIMIZATION_LEVEL = 0;
				GCC_PREPROCESSOR_DEFINITIONS = (
					"DEBUG=1",
					"$(inherited)",
				);
				GCC_WARN_64_TO_32_BIT_CONVERSION = YES;
				GCC_WARN_ABOUT_RETURN_TYPE = YES_ERROR;
				GCC_WARN_UNDECLARED_SELECTOR = YES;
				GCC_WARN_UNINITIALIZED_AUTOS = YES_AGGRESSIVE;
				GCC_WARN_UNUSED_FUNCTION = YES;
				GCC_WARN_UNUSED_VARIABLE = YES;
				IPHONEOS_DEPLOYMENT_TARGET = 13.5;
				MTL_ENABLE_DEBUG_INFO = INCLUDE_SOURCE;
				MTL_FAST_MATH = YES;
				ONLY_ACTIVE_ARCH = YES;
				SDKROOT = iphoneos;
				SWIFT_ACTIVE_COMPILATION_CONDITIONS = DEBUG;
				SWIFT_OPTIMIZATION_LEVEL = "-Onone";
			};
			name = Debug;
		};
		355BF67625555FDE00996A86 /* Release */ = {
			isa = XCBuildConfiguration;
			buildSettings = {
				ALWAYS_SEARCH_USER_PATHS = NO;
				CLANG_ANALYZER_NONNULL = YES;
				CLANG_ANALYZER_NUMBER_OBJECT_CONVERSION = YES_AGGRESSIVE;
				CLANG_CXX_LANGUAGE_STANDARD = "gnu++14";
				CLANG_CXX_LIBRARY = "libc++";
				CLANG_ENABLE_MODULES = YES;
				CLANG_ENABLE_OBJC_ARC = YES;
				CLANG_ENABLE_OBJC_WEAK = YES;
				CLANG_WARN_BLOCK_CAPTURE_AUTORELEASING = YES;
				CLANG_WARN_BOOL_CONVERSION = YES;
				CLANG_WARN_COMMA = YES;
				CLANG_WARN_CONSTANT_CONVERSION = YES;
				CLANG_WARN_DEPRECATED_OBJC_IMPLEMENTATIONS = YES;
				CLANG_WARN_DIRECT_OBJC_ISA_USAGE = YES_ERROR;
				CLANG_WARN_DOCUMENTATION_COMMENTS = YES;
				CLANG_WARN_EMPTY_BODY = YES;
				CLANG_WARN_ENUM_CONVERSION = YES;
				CLANG_WARN_INFINITE_RECURSION = YES;
				CLANG_WARN_INT_CONVERSION = YES;
				CLANG_WARN_NON_LITERAL_NULL_CONVERSION = YES;
				CLANG_WARN_OBJC_IMPLICIT_RETAIN_SELF = YES;
				CLANG_WARN_OBJC_LITERAL_CONVERSION = YES;
				CLANG_WARN_OBJC_ROOT_CLASS = YES_ERROR;
				CLANG_WARN_RANGE_LOOP_ANALYSIS = YES;
				CLANG_WARN_STRICT_PROTOTYPES = YES;
				CLANG_WARN_SUSPICIOUS_MOVE = YES;
				CLANG_WARN_UNGUARDED_AVAILABILITY = YES_AGGRESSIVE;
				CLANG_WARN_UNREACHABLE_CODE = YES;
				CLANG_WARN__DUPLICATE_METHOD_MATCH = YES;
				COPY_PHASE_STRIP = NO;
				DEBUG_INFORMATION_FORMAT = "dwarf-with-dsym";
				ENABLE_NS_ASSERTIONS = NO;
				ENABLE_STRICT_OBJC_MSGSEND = YES;
				GCC_C_LANGUAGE_STANDARD = gnu11;
				GCC_NO_COMMON_BLOCKS = YES;
				GCC_WARN_64_TO_32_BIT_CONVERSION = YES;
				GCC_WARN_ABOUT_RETURN_TYPE = YES_ERROR;
				GCC_WARN_UNDECLARED_SELECTOR = YES;
				GCC_WARN_UNINITIALIZED_AUTOS = YES_AGGRESSIVE;
				GCC_WARN_UNUSED_FUNCTION = YES;
				GCC_WARN_UNUSED_VARIABLE = YES;
				IPHONEOS_DEPLOYMENT_TARGET = 13.5;
				MTL_ENABLE_DEBUG_INFO = NO;
				MTL_FAST_MATH = YES;
				SDKROOT = iphoneos;
				SWIFT_COMPILATION_MODE = wholemodule;
				SWIFT_OPTIMIZATION_LEVEL = "-O";
				VALIDATE_PRODUCT = YES;
			};
			name = Release;
		};
		355BF67825555FDE00996A86 /* Debug */ = {
			isa = XCBuildConfiguration;
			buildSettings = {
				ASSETCATALOG_COMPILER_APPICON_NAME = AppIcon;
				CODE_SIGN_STYLE = Automatic;
				INFOPLIST_FILE = houchi/Info.plist;
				LD_RUNPATH_SEARCH_PATHS = (
					"$(inherited)",
					"@executable_path/Frameworks",
				);
				PRODUCT_BUNDLE_IDENTIFIER = app.naru.houchi;
				PRODUCT_NAME = "$(TARGET_NAME)";
				SWIFT_VERSION = 5.0;
				TARGETED_DEVICE_FAMILY = "1,2";
			};
			name = Debug;
		};
		355BF67925555FDE00996A86 /* Release */ = {
			isa = XCBuildConfiguration;
			buildSettings = {
				ASSETCATALOG_COMPILER_APPICON_NAME = AppIcon;
				CODE_SIGN_STYLE = Automatic;
				INFOPLIST_FILE = houchi/Info.plist;
				LD_RUNPATH_SEARCH_PATHS = (
					"$(inherited)",
					"@executable_path/Frameworks",
				);
				PRODUCT_BUNDLE_IDENTIFIER = app.naru.houchi;
				PRODUCT_NAME = "$(TARGET_NAME)";
				SWIFT_VERSION = 5.0;
				TARGETED_DEVICE_FAMILY = "1,2";
			};
			name = Release;
		};
/* End XCBuildConfiguration section */

/* Begin XCConfigurationList section */
		355BF65E25555FDB00996A86 /* Build configuration list for PBXProject "houchi" */ = {
			isa = XCConfigurationList;
			buildConfigurations = (
				355BF67525555FDE00996A86 /* Debug */,
				355BF67625555FDE00996A86 /* Release */,
			);
			defaultConfigurationIsVisible = 0;
			defaultConfigurationName = Release;
		};
		355BF67725555FDE00996A86 /* Build configuration list for PBXNativeTarget "houchi" */ = {
			isa = XCConfigurationList;
			buildConfigurations = (
				355BF67825555FDE00996A86 /* Debug */,
				355BF67925555FDE00996A86 /* Release */,
			);
			defaultConfigurationIsVisible = 0;
			defaultConfigurationName = Release;
		};
/* End XCConfigurationList section */
	};
	rootObject = 355BF65B25555FDB00996A86 /* Project object */;
}
